
Microsoft Visual Studio Solution File, Format Version 12.00
# Visual Studio Version 17
VisualStudioVersion = 17.5.33627.172
MinimumVisualStudioVersion = 10.0.40219.1
Project("{8BC9CEB8-8B4A-11D0-8D11-00A0C91BC942}") = "LearnOpenGL", "LearnOpenGL\LearnOpenGL.vcxproj", "{68901D15-68EB-4615-B9D6-174712C9B03B}"
EndProject
Global
	GlobalSection(SolutionConfigurationPlatforms) = preSolution
		Debug|x64 = Debug|x64
		Debug|x86 = Debug|x86
		Release|x64 = Release|x64
		Release|x86 = Release|x86
	EndGlobalSection
	GlobalSection(ProjectConfigurationPlatforms) = postSolution
		{68901D15-68EB-4615-B9D6-174712C9B03B}.Debug|x64.ActiveCfg = Debug|x64
		{68901D15-68EB-4615-B9D6-174712C9B03B}.Debug|x64.Build.0 = Debug|x64
		{68901D15-68EB-4615-B9D6-174712C9B03B}.Debug|x86.ActiveCfg = Debug|Win32
		{68901D15-68EB-4615-B9D6-174712C9B03B}.Debug|x86.Build.0 = Debug|Win32
		{68901D15-68EB-4615-B9D6-174712C9B03B}.Release|x64.ActiveCfg = Release|x64
		{68901D15-68EB-4615-B9D6-174712C9B03B}.Release|x64.Build.0 = Release|x64
		{68901D15-68EB-4615-B9D6-174712C9B03B}.Release|x86.ActiveCfg = Release|Win32
		{68901D15-68EB-4615-B9D6-174712C9B03B}.Release|x86.Build.0 = Release|Win32
	EndGlobalSection
	GlobalSection(SolutionProperties) = preSolution
		HideSolutionNode = FALSE
	EndGlobalSection
	GlobalSection(ExtensibilityGlobals) = postSolution
		SolutionGuid = {A72B650C-A17D-4473-898E-73AAC1CC2ED4}
	EndGlobalSection
EndGlobal
